
Microsoft Visual Studio Solution File, Format Version 12.00
# Visual Studio Version 17
VisualStudioVersion = 17.6.33723.286
MinimumVisualStudioVersion = 10.0.40219.1
Project("{FAE04EC0-301F-11D3-BF4B-00C04F79EFBC}") = "somchai-bn", "somchai-bn\somchai-bn.csproj", "{FBD79788-031F-4ACA-8176-5A5F8D10F819}"
EndProject
Global
	GlobalSection(SolutionConfigurationPlatforms) = preSolution
		Debug|Any CPU = Debug|Any CPU
		Release|Any CPU = Release|Any CPU
	EndGlobalSection
	GlobalSection(ProjectConfigurationPlatforms) = postSolution
		{FBD79788-031F-4ACA-8176-5A5F8D10F819}.Debug|Any CPU.ActiveCfg = Debug|Any CPU
		{FBD79788-031F-4ACA-8176-5A5F8D10F819}.Debug|Any CPU.Build.0 = Debug|Any CPU
		{FBD79788-031F-4ACA-8176-5A5F8D10F819}.Release|Any CPU.ActiveCfg = Release|Any CPU
		{FBD79788-031F-4ACA-8176-5A5F8D10F819}.Release|Any CPU.Build.0 = Release|Any CPU
	EndGlobalSection
	GlobalSection(SolutionProperties) = preSolution
		HideSolutionNode = FALSE
	EndGlobalSection
	GlobalSection(ExtensibilityGlobals) = postSolution
		SolutionGuid = {13DCD4E3-D9A9-4E2C-AFDD-3166176A50C0}
	EndGlobalSection
EndGlobal
