
Microsoft Visual Studio Solution File, Format Version 12.00
# Visual Studio Version 17
VisualStudioVersion = 17.6.33723.286
MinimumVisualStudioVersion = 10.0.40219.1
Project("{FAE04EC0-301F-11D3-BF4B-00C04F79EFBC}") = "somchai-bn", "somchai-bn\somchai-bn.csproj", "{75CAF14D-A2FE-4F1F-9EB1-8EFF21D93DD5}"
EndProject
Global
	GlobalSection(SolutionConfigurationPlatforms) = preSolution
		Debug|Any CPU = Debug|Any CPU
		Release|Any CPU = Release|Any CPU
	EndGlobalSection
	GlobalSection(ProjectConfigurationPlatforms) = postSolution
		{75CAF14D-A2FE-4F1F-9EB1-8EFF21D93DD5}.Debug|Any CPU.ActiveCfg = Debug|Any CPU
		{75CAF14D-A2FE-4F1F-9EB1-8EFF21D93DD5}.Debug|Any CPU.Build.0 = Debug|Any CPU
		{75CAF14D-A2FE-4F1F-9EB1-8EFF21D93DD5}.Release|Any CPU.ActiveCfg = Release|Any CPU
		{75CAF14D-A2FE-4F1F-9EB1-8EFF21D93DD5}.Release|Any CPU.Build.0 = Release|Any CPU
	EndGlobalSection
	GlobalSection(SolutionProperties) = preSolution
		HideSolutionNode = FALSE
	EndGlobalSection
	GlobalSection(ExtensibilityGlobals) = postSolution
		SolutionGuid = {21D3FCD7-525A-4E8F-835B-1BD217CC8C36}
	EndGlobalSection
EndGlobal
